
Microsoft Visual Studio Solution File, Format Version 12.00
# Visual Studio Version 16
VisualStudioVersion = 16.0.28803.202
MinimumVisualStudioVersion = 10.0.40219.1
Project("{FAE04EC0-301F-11D3-BF4B-00C04F79EFBC}") = "Data", "Data\Data.csproj", "{7118E3A3-C43C-4B42-A2BD-3E1C44AF51FC}"
EndProject
Project("{FAE04EC0-301F-11D3-BF4B-00C04F79EFBC}") = "Appication", "Appication\Appication.csproj", "{ED5DA8BD-7F69-4CB3-ABD3-4B5AEE7753A6}"
EndProject
Project("{FAE04EC0-301F-11D3-BF4B-00C04F79EFBC}") = "Test", "Test\Test.csproj", "{60D7961A-82E0-4EAE-8C49-949263631AC3}"
EndProject
Global
	GlobalSection(SolutionConfigurationPlatforms) = preSolution
		Debug|Any CPU = Debug|Any CPU
		Release|Any CPU = Release|Any CPU
	EndGlobalSection
	GlobalSection(ProjectConfigurationPlatforms) = postSolution
		{7118E3A3-C43C-4B42-A2BD-3E1C44AF51FC}.Debug|Any CPU.ActiveCfg = Debug|Any CPU
		{7118E3A3-C43C-4B42-A2BD-3E1C44AF51FC}.Debug|Any CPU.Build.0 = Debug|Any CPU
		{7118E3A3-C43C-4B42-A2BD-3E1C44AF51FC}.Release|Any CPU.ActiveCfg = Release|Any CPU
		{7118E3A3-C43C-4B42-A2BD-3E1C44AF51FC}.Release|Any CPU.Build.0 = Release|Any CPU
		{ED5DA8BD-7F69-4CB3-ABD3-4B5AEE7753A6}.Debug|Any CPU.ActiveCfg = Debug|Any CPU
		{ED5DA8BD-7F69-4CB3-ABD3-4B5AEE7753A6}.Debug|Any CPU.Build.0 = Debug|Any CPU
		{ED5DA8BD-7F69-4CB3-ABD3-4B5AEE7753A6}.Release|Any CPU.ActiveCfg = Release|Any CPU
		{ED5DA8BD-7F69-4CB3-ABD3-4B5AEE7753A6}.Release|Any CPU.Build.0 = Release|Any CPU
		{60D7961A-82E0-4EAE-8C49-949263631AC3}.Debug|Any CPU.ActiveCfg = Debug|Any CPU
		{60D7961A-82E0-4EAE-8C49-949263631AC3}.Debug|Any CPU.Build.0 = Debug|Any CPU
		{60D7961A-82E0-4EAE-8C49-949263631AC3}.Release|Any CPU.ActiveCfg = Release|Any CPU
		{60D7961A-82E0-4EAE-8C49-949263631AC3}.Release|Any CPU.Build.0 = Release|Any CPU
	EndGlobalSection
	GlobalSection(SolutionProperties) = preSolution
		HideSolutionNode = FALSE
	EndGlobalSection
	GlobalSection(ExtensibilityGlobals) = postSolution
		SolutionGuid = {101424FF-F57E-482E-A4C4-9A794C4D519F}
	EndGlobalSection
EndGlobal
